
Microsoft Visual Studio Solution File, Format Version 12.00
# Visual Studio Version 16
VisualStudioVersion = 16.0.30225.117
MinimumVisualStudioVersion = 10.0.40219.1
Project("{9A19103F-16F7-4668-BE54-9A1E7A4F7556}") = "StudentManagementAPI", "StudentManagementAPI\StudentManagementAPI.csproj", "{D23333F5-7EC5-4EB0-9E53-FCB12F48AF8D}"
EndProject
Project("{9A19103F-16F7-4668-BE54-9A1E7A4F7556}") = "StudentManagement.Data", "StudentManagement.Data\StudentManagement.Data.csproj", "{D6D89E60-5A2E-4F9A-878A-93177C2BB163}"
EndProject
Global
	GlobalSection(SolutionConfigurationPlatforms) = preSolution
		Debug|Any CPU = Debug|Any CPU
		Release|Any CPU = Release|Any CPU
	EndGlobalSection
	GlobalSection(ProjectConfigurationPlatforms) = postSolution
		{D23333F5-7EC5-4EB0-9E53-FCB12F48AF8D}.Debug|Any CPU.ActiveCfg = Debug|Any CPU
		{D23333F5-7EC5-4EB0-9E53-FCB12F48AF8D}.Debug|Any CPU.Build.0 = Debug|Any CPU
		{D23333F5-7EC5-4EB0-9E53-FCB12F48AF8D}.Release|Any CPU.ActiveCfg = Release|Any CPU
		{D23333F5-7EC5-4EB0-9E53-FCB12F48AF8D}.Release|Any CPU.Build.0 = Release|Any CPU
		{D6D89E60-5A2E-4F9A-878A-93177C2BB163}.Debug|Any CPU.ActiveCfg = Debug|Any CPU
		{D6D89E60-5A2E-4F9A-878A-93177C2BB163}.Debug|Any CPU.Build.0 = Debug|Any CPU
		{D6D89E60-5A2E-4F9A-878A-93177C2BB163}.Release|Any CPU.ActiveCfg = Release|Any CPU
		{D6D89E60-5A2E-4F9A-878A-93177C2BB163}.Release|Any CPU.Build.0 = Release|Any CPU
	EndGlobalSection
	GlobalSection(SolutionProperties) = preSolution
		HideSolutionNode = FALSE
	EndGlobalSection
	GlobalSection(ExtensibilityGlobals) = postSolution
		SolutionGuid = {41CE8128-BD42-42FF-8672-5745A3F03D74}
	EndGlobalSection
EndGlobal
